{
  "name": "@zimtsui/typelocks",
  "version": "0.0.29",
  "lockfileVersion": 3,
  "requires": true,
  "packages": {
    "": {
      "name": "@zimtsui/typelocks",
      "version": "0.0.29",
      "devDependencies": {
        "typescript": "^6.0.2"
      },
      "engines": {
        "node": ">=24"
      }
    },
    "node_modules/typescript": {
      "version": "6.0.3",
      "resolved": "https://registry.npmmirror.com/typescript/-/typescript-6.0.3.tgz",
      "integrity": "sha512-y2TvuxSZPDyQakkFRPZHKFm+KKVqIisdg9/CZwm9ftvKXLP8NRWj38/ODjNbr43SsoXqNuAisEf1GdCxqWcdBw==",
      "dev": true,
      "license": "Apache-2.0",
      "bin": {
        "tsc": "bin/tsc",
        "tsserver": "bin/tsserver"
      },
      "engines": {
        "node": ">=14.17"
      }
    }
  }
}
